
Microsoft Visual Studio Solution File, Format Version 12.00
# Visual Studio Version 16
VisualStudioVersion = 16.0.29123.88
MinimumVisualStudioVersion = 10.0.40219.1
Project("{FAE04EC0-301F-11D3-BF4B-00C04F79EFBC}") = "NasaPictures.UWP", "NasaPictures\NasaPictures.UWP\NasaPictures.UWP.csproj", "{9B87F453-C740-48F7-A9FD-BAB4FCCA5435}"
EndProject
Project("{FAE04EC0-301F-11D3-BF4B-00C04F79EFBC}") = "NasaPictures.Android", "NasaPictures\NasaPictures.Android\NasaPictures.Android.csproj", "{83D5C8A4-C7FB-49B8-BFEE-BC16BB1C7337}"
EndProject
Project("{FAE04EC0-301F-11D3-BF4B-00C04F79EFBC}") = "NasaPictures.iOS", "NasaPictures\NasaPictures.iOS\NasaPictures.iOS.csproj", "{5123B64E-6496-4CE4-B15C-CEB98749FCD5}"
EndProject
Project("{FAE04EC0-301F-11D3-BF4B-00C04F79EFBC}") = "NasaPictures", "NasaPictures\NasaPictures\NasaPictures.csproj", "{E48ED974-7D6E-4D74-B46F-96C1A60354B7}"
EndProject
Global
	GlobalSection(SolutionConfigurationPlatforms) = preSolution
		Debug|Any CPU = Debug|Any CPU
		Debug|ARM = Debug|ARM
		Debug|iPhone = Debug|iPhone
		Debug|iPhoneSimulator = Debug|iPhoneSimulator
		Debug|x64 = Debug|x64
		Debug|x86 = Debug|x86
		Release|Any CPU = Release|Any CPU
		Release|ARM = Release|ARM
		Release|iPhone = Release|iPhone
		Release|iPhoneSimulator = Release|iPhoneSimulator
		Release|x64 = Release|x64
		Release|x86 = Release|x86
	EndGlobalSection
	GlobalSection(ProjectConfigurationPlatforms) = postSolution
		{9B87F453-C740-48F7-A9FD-BAB4FCCA5435}.Debug|Any CPU.ActiveCfg = Debug|x86
		{9B87F453-C740-48F7-A9FD-BAB4FCCA5435}.Debug|Any CPU.Build.0 = Debug|x86
		{9B87F453-C740-48F7-A9FD-BAB4FCCA5435}.Debug|Any CPU.Deploy.0 = Debug|x86
		{9B87F453-C740-48F7-A9FD-BAB4FCCA5435}.Debug|ARM.ActiveCfg = Debug|ARM
		{9B87F453-C740-48F7-A9FD-BAB4FCCA5435}.Debug|ARM.Build.0 = Debug|ARM
		{9B87F453-C740-48F7-A9FD-BAB4FCCA5435}.Debug|ARM.Deploy.0 = Debug|ARM
		{9B87F453-C740-48F7-A9FD-BAB4FCCA5435}.Debug|iPhone.ActiveCfg = Debug|x86
		{9B87F453-C740-48F7-A9FD-BAB4FCCA5435}.Debug|iPhone.Build.0 = Debug|x86
		{9B87F453-C740-48F7-A9FD-BAB4FCCA5435}.Debug|iPhone.Deploy.0 = Debug|x86
		{9B87F453-C740-48F7-A9FD-BAB4FCCA5435}.Debug|iPhoneSimulator.ActiveCfg = Debug|x86
		{9B87F453-C740-48F7-A9FD-BAB4FCCA5435}.Debug|iPhoneSimulator.Build.0 = Debug|x86
		{9B87F453-C740-48F7-A9FD-BAB4FCCA5435}.Debug|iPhoneSimulator.Deploy.0 = Debug|x86
		{9B87F453-C740-48F7-A9FD-BAB4FCCA5435}.Debug|x64.ActiveCfg = Debug|x64
		{9B87F453-C740-48F7-A9FD-BAB4FCCA5435}.Debug|x64.Build.0 = Debug|x64
		{9B87F453-C740-48F7-A9FD-BAB4FCCA5435}.Debug|x64.Deploy.0 = Debug|x64
		{9B87F453-C740-48F7-A9FD-BAB4FCCA5435}.Debug|x86.ActiveCfg = Debug|x86
		{9B87F453-C740-48F7-A9FD-BAB4FCCA5435}.Debug|x86.Build.0 = Debug|x86
		{9B87F453-C740-48F7-A9FD-BAB4FCCA5435}.Debug|x86.Deploy.0 = Debug|x86
		{9B87F453-C740-48F7-A9FD-BAB4FCCA5435}.Release|Any CPU.ActiveCfg = Release|x86
		{9B87F453-C740-48F7-A9FD-BAB4FCCA5435}.Release|Any CPU.Build.0 = Release|x86
		{9B87F453-C740-48F7-A9FD-BAB4FCCA5435}.Release|Any CPU.Deploy.0 = Release|x86
		{9B87F453-C740-48F7-A9FD-BAB4FCCA5435}.Release|ARM.ActiveCfg = Release|ARM
		{9B87F453-C740-48F7-A9FD-BAB4FCCA5435}.Release|ARM.Build.0 = Release|ARM
		{9B87F453-C740-48F7-A9FD-BAB4FCCA5435}.Release|ARM.Deploy.0 = Release|ARM
		{9B87F453-C740-48F7-A9FD-BAB4FCCA5435}.Release|iPhone.ActiveCfg = Release|x86
		{9B87F453-C740-48F7-A9FD-BAB4FCCA5435}.Release|iPhone.Build.0 = Release|x86
		{9B87F453-C740-48F7-A9FD-BAB4FCCA5435}.Release|iPhone.Deploy.0 = Release|x86
		{9B87F453-C740-48F7-A9FD-BAB4FCCA5435}.Release|iPhoneSimulator.ActiveCfg = Release|x86
		{9B87F453-C740-48F7-A9FD-BAB4FCCA5435}.Release|iPhoneSimulator.Build.0 = Release|x86
		{9B87F453-C740-48F7-A9FD-BAB4FCCA5435}.Release|iPhoneSimulator.Deploy.0 = Release|x86
		{9B87F453-C740-48F7-A9FD-BAB4FCCA5435}.Release|x64.ActiveCfg = Release|x64
		{9B87F453-C740-48F7-A9FD-BAB4FCCA5435}.Release|x64.Build.0 = Release|x64
		{9B87F453-C740-48F7-A9FD-BAB4FCCA5435}.Release|x64.Deploy.0 = Release|x64
		{9B87F453-C740-48F7-A9FD-BAB4FCCA5435}.Release|x86.ActiveCfg = Release|x86
		{9B87F453-C740-48F7-A9FD-BAB4FCCA5435}.Release|x86.Build.0 = Release|x86
		{9B87F453-C740-48F7-A9FD-BAB4FCCA5435}.Release|x86.Deploy.0 = Release|x86
		{83D5C8A4-C7FB-49B8-BFEE-BC16BB1C7337}.Debug|Any CPU.ActiveCfg = Debug|Any CPU
		{83D5C8A4-C7FB-49B8-BFEE-BC16BB1C7337}.Debug|Any CPU.Build.0 = Debug|Any CPU
		{83D5C8A4-C7FB-49B8-BFEE-BC16BB1C7337}.Debug|Any CPU.Deploy.0 = Debug|Any CPU
		{83D5C8A4-C7FB-49B8-BFEE-BC16BB1C7337}.Debug|ARM.ActiveCfg = Debug|Any CPU
		{83D5C8A4-C7FB-49B8-BFEE-BC16BB1C7337}.Debug|ARM.Build.0 = Debug|Any CPU
		{83D5C8A4-C7FB-49B8-BFEE-BC16BB1C7337}.Debug|ARM.Deploy.0 = Debug|Any CPU
		{83D5C8A4-C7FB-49B8-BFEE-BC16BB1C7337}.Debug|iPhone.ActiveCfg = Debug|Any CPU
		{83D5C8A4-C7FB-49B8-BFEE-BC16BB1C7337}.Debug|iPhone.Build.0 = Debug|Any CPU
		{83D5C8A4-C7FB-49B8-BFEE-BC16BB1C7337}.Debug|iPhone.Deploy.0 = Debug|Any CPU
		{83D5C8A4-C7FB-49B8-BFEE-BC16BB1C7337}.Debug|iPhoneSimulator.ActiveCfg = Debug|Any CPU
		{83D5C8A4-C7FB-49B8-BFEE-BC16BB1C7337}.Debug|iPhoneSimulator.Build.0 = Debug|Any CPU
		{83D5C8A4-C7FB-49B8-BFEE-BC16BB1C7337}.Debug|iPhoneSimulator.Deploy.0 = Debug|Any CPU
		{83D5C8A4-C7FB-49B8-BFEE-BC16BB1C7337}.Debug|x64.ActiveCfg = Debug|Any CPU
		{83D5C8A4-C7FB-49B8-BFEE-BC16BB1C7337}.Debug|x64.Build.0 = Debug|Any CPU
		{83D5C8A4-C7FB-49B8-BFEE-BC16BB1C7337}.Debug|x64.Deploy.0 = Debug|Any CPU
		{83D5C8A4-C7FB-49B8-BFEE-BC16BB1C7337}.Debug|x86.ActiveCfg = Debug|Any CPU
		{83D5C8A4-C7FB-49B8-BFEE-BC16BB1C7337}.Debug|x86.Build.0 = Debug|Any CPU
		{83D5C8A4-C7FB-49B8-BFEE-BC16BB1C7337}.Debug|x86.Deploy.0 = Debug|Any CPU
		{83D5C8A4-C7FB-49B8-BFEE-BC16BB1C7337}.Release|Any CPU.ActiveCfg = Release|Any CPU
		{83D5C8A4-C7FB-49B8-BFEE-BC16BB1C7337}.Release|Any CPU.Build.0 = Release|Any CPU
		{83D5C8A4-C7FB-49B8-BFEE-BC16BB1C7337}.Release|Any CPU.Deploy.0 = Release|Any CPU
		{83D5C8A4-C7FB-49B8-BFEE-BC16BB1C7337}.Release|ARM.ActiveCfg = Release|Any CPU
		{83D5C8A4-C7FB-49B8-BFEE-BC16BB1C7337}.Release|ARM.Build.0 = Release|Any CPU
		{83D5C8A4-C7FB-49B8-BFEE-BC16BB1C7337}.Release|ARM.Deploy.0 = Release|Any CPU
		{83D5C8A4-C7FB-49B8-BFEE-BC16BB1C7337}.Release|iPhone.ActiveCfg = Release|Any CPU
		{83D5C8A4-C7FB-49B8-BFEE-BC16BB1C7337}.Release|iPhone.Build.0 = Release|Any CPU
		{83D5C8A4-C7FB-49B8-BFEE-BC16BB1C7337}.Release|iPhone.Deploy.0 = Release|Any CPU
		{83D5C8A4-C7FB-49B8-BFEE-BC16BB1C7337}.Release|iPhoneSimulator.ActiveCfg = Release|Any CPU
		{83D5C8A4-C7FB-49B8-BFEE-BC16BB1C7337}.Release|iPhoneSimulator.Build.0 = Release|Any CPU
		{83D5C8A4-C7FB-49B8-BFEE-BC16BB1C7337}.Release|iPhoneSimulator.Deploy.0 = Release|Any CPU
		{83D5C8A4-C7FB-49B8-BFEE-BC16BB1C7337}.Release|x64.ActiveCfg = Release|Any CPU
		{83D5C8A4-C7FB-49B8-BFEE-BC16BB1C7337}.Release|x64.Build.0 = Release|Any CPU
		{83D5C8A4-C7FB-49B8-BFEE-BC16BB1C7337}.Release|x64.Deploy.0 = Release|Any CPU
		{83D5C8A4-C7FB-49B8-BFEE-BC16BB1C7337}.Release|x86.ActiveCfg = Release|Any CPU
		{83D5C8A4-C7FB-49B8-BFEE-BC16BB1C7337}.Release|x86.Build.0 = Release|Any CPU
		{83D5C8A4-C7FB-49B8-BFEE-BC16BB1C7337}.Release|x86.Deploy.0 = Release|Any CPU
		{5123B64E-6496-4CE4-B15C-CEB98749FCD5}.Debug|Any CPU.ActiveCfg = Debug|iPhone
		{5123B64E-6496-4CE4-B15C-CEB98749FCD5}.Debug|Any CPU.Build.0 = Debug|iPhone
		{5123B64E-6496-4CE4-B15C-CEB98749FCD5}.Debug|Any CPU.Deploy.0 = Debug|iPhone
		{5123B64E-6496-4CE4-B15C-CEB98749FCD5}.Debug|ARM.ActiveCfg = Debug|iPhoneSimulator
		{5123B64E-6496-4CE4-B15C-CEB98749FCD5}.Debug|ARM.Build.0 = Debug|iPhoneSimulator
		{5123B64E-6496-4CE4-B15C-CEB98749FCD5}.Debug|ARM.Deploy.0 = Debug|iPhoneSimulator
		{5123B64E-6496-4CE4-B15C-CEB98749FCD5}.Debug|iPhone.ActiveCfg = Debug|iPhone
		{5123B64E-6496-4CE4-B15C-CEB98749FCD5}.Debug|iPhone.Build.0 = Debug|iPhone
		{5123B64E-6496-4CE4-B15C-CEB98749FCD5}.Debug|iPhone.Deploy.0 = Debug|iPhone
		{5123B64E-6496-4CE4-B15C-CEB98749FCD5}.Debug|iPhoneSimulator.ActiveCfg = Debug|iPhoneSimulator
		{5123B64E-6496-4CE4-B15C-CEB98749FCD5}.Debug|iPhoneSimulator.Build.0 = Debug|iPhoneSimulator
		{5123B64E-6496-4CE4-B15C-CEB98749FCD5}.Debug|iPhoneSimulator.Deploy.0 = Debug|iPhoneSimulator
		{5123B64E-6496-4CE4-B15C-CEB98749FCD5}.Debug|x64.ActiveCfg = Debug|iPhone
		{5123B64E-6496-4CE4-B15C-CEB98749FCD5}.Debug|x64.Build.0 = Debug|iPhone
		{5123B64E-6496-4CE4-B15C-CEB98749FCD5}.Debug|x64.Deploy.0 = Debug|iPhone
		{5123B64E-6496-4CE4-B15C-CEB98749FCD5}.Debug|x86.ActiveCfg = Debug|iPhone
		{5123B64E-6496-4CE4-B15C-CEB98749FCD5}.Debug|x86.Build.0 = Debug|iPhone
		{5123B64E-6496-4CE4-B15C-CEB98749FCD5}.Debug|x86.Deploy.0 = Debug|iPhone
		{5123B64E-6496-4CE4-B15C-CEB98749FCD5}.Release|Any CPU.ActiveCfg = Release|iPhone
		{5123B64E-6496-4CE4-B15C-CEB98749FCD5}.Release|Any CPU.Build.0 = Release|iPhone
		{5123B64E-6496-4CE4-B15C-CEB98749FCD5}.Release|Any CPU.Deploy.0 = Release|iPhone
		{5123B64E-6496-4CE4-B15C-CEB98749FCD5}.Release|ARM.ActiveCfg = Release|iPhone
		{5123B64E-6496-4CE4-B15C-CEB98749FCD5}.Release|ARM.Build.0 = Release|iPhone
		{5123B64E-6496-4CE4-B15C-CEB98749FCD5}.Release|ARM.Deploy.0 = Release|iPhone
		{5123B64E-6496-4CE4-B15C-CEB98749FCD5}.Release|iPhone.ActiveCfg = Release|iPhone
		{5123B64E-6496-4CE4-B15C-CEB98749FCD5}.Release|iPhone.Build.0 = Release|iPhone
		{5123B64E-6496-4CE4-B15C-CEB98749FCD5}.Release|iPhone.Deploy.0 = Release|iPhone
		{5123B64E-6496-4CE4-B15C-CEB98749FCD5}.Release|iPhoneSimulator.ActiveCfg = Release|iPhoneSimulator
		{5123B64E-6496-4CE4-B15C-CEB98749FCD5}.Release|iPhoneSimulator.Build.0 = Release|iPhoneSimulator
		{5123B64E-6496-4CE4-B15C-CEB98749FCD5}.Release|iPhoneSimulator.Deploy.0 = Release|iPhoneSimulator
		{5123B64E-6496-4CE4-B15C-CEB98749FCD5}.Release|x64.ActiveCfg = Release|iPhone
		{5123B64E-6496-4CE4-B15C-CEB98749FCD5}.Release|x64.Build.0 = Release|iPhone
		{5123B64E-6496-4CE4-B15C-CEB98749FCD5}.Release|x64.Deploy.0 = Release|iPhone
		{5123B64E-6496-4CE4-B15C-CEB98749FCD5}.Release|x86.ActiveCfg = Release|iPhone
		{5123B64E-6496-4CE4-B15C-CEB98749FCD5}.Release|x86.Build.0 = Release|iPhone
		{5123B64E-6496-4CE4-B15C-CEB98749FCD5}.Release|x86.Deploy.0 = Release|iPhone
		{E48ED974-7D6E-4D74-B46F-96C1A60354B7}.Debug|Any CPU.ActiveCfg = Debug|Any CPU
		{E48ED974-7D6E-4D74-B46F-96C1A60354B7}.Debug|Any CPU.Build.0 = Debug|Any CPU
		{E48ED974-7D6E-4D74-B46F-96C1A60354B7}.Debug|Any CPU.Deploy.0 = Debug|Any CPU
		{E48ED974-7D6E-4D74-B46F-96C1A60354B7}.Debug|ARM.ActiveCfg = Debug|Any CPU
		{E48ED974-7D6E-4D74-B46F-96C1A60354B7}.Debug|ARM.Build.0 = Debug|Any CPU
		{E48ED974-7D6E-4D74-B46F-96C1A60354B7}.Debug|ARM.Deploy.0 = Debug|Any CPU
		{E48ED974-7D6E-4D74-B46F-96C1A60354B7}.Debug|iPhone.ActiveCfg = Debug|Any CPU
		{E48ED974-7D6E-4D74-B46F-96C1A60354B7}.Debug|iPhone.Build.0 = Debug|Any CPU
		{E48ED974-7D6E-4D74-B46F-96C1A60354B7}.Debug|iPhone.Deploy.0 = Debug|Any CPU
		{E48ED974-7D6E-4D74-B46F-96C1A60354B7}.Debug|iPhoneSimulator.ActiveCfg = Debug|Any CPU
		{E48ED974-7D6E-4D74-B46F-96C1A60354B7}.Debug|iPhoneSimulator.Build.0 = Debug|Any CPU
		{E48ED974-7D6E-4D74-B46F-96C1A60354B7}.Debug|iPhoneSimulator.Deploy.0 = Debug|Any CPU
		{E48ED974-7D6E-4D74-B46F-96C1A60354B7}.Debug|x64.ActiveCfg = Debug|Any CPU
		{E48ED974-7D6E-4D74-B46F-96C1A60354B7}.Debug|x64.Build.0 = Debug|Any CPU
		{E48ED974-7D6E-4D74-B46F-96C1A60354B7}.Debug|x64.Deploy.0 = Debug|Any CPU
		{E48ED974-7D6E-4D74-B46F-96C1A60354B7}.Debug|x86.ActiveCfg = Debug|Any CPU
		{E48ED974-7D6E-4D74-B46F-96C1A60354B7}.Debug|x86.Build.0 = Debug|Any CPU
		{E48ED974-7D6E-4D74-B46F-96C1A60354B7}.Debug|x86.Deploy.0 = Debug|Any CPU
		{E48ED974-7D6E-4D74-B46F-96C1A60354B7}.Release|Any CPU.ActiveCfg = Release|Any CPU
		{E48ED974-7D6E-4D74-B46F-96C1A60354B7}.Release|Any CPU.Build.0 = Release|Any CPU
		{E48ED974-7D6E-4D74-B46F-96C1A60354B7}.Release|Any CPU.Deploy.0 = Release|Any CPU
		{E48ED974-7D6E-4D74-B46F-96C1A60354B7}.Release|ARM.ActiveCfg = Release|Any CPU
		{E48ED974-7D6E-4D74-B46F-96C1A60354B7}.Release|ARM.Build.0 = Release|Any CPU
		{E48ED974-7D6E-4D74-B46F-96C1A60354B7}.Release|ARM.Deploy.0 = Release|Any CPU
		{E48ED974-7D6E-4D74-B46F-96C1A60354B7}.Release|iPhone.ActiveCfg = Release|Any CPU
		{E48ED974-7D6E-4D74-B46F-96C1A60354B7}.Release|iPhone.Build.0 = Release|Any CPU
		{E48ED974-7D6E-4D74-B46F-96C1A60354B7}.Release|iPhone.Deploy.0 = Release|Any CPU
		{E48ED974-7D6E-4D74-B46F-96C1A60354B7}.Release|iPhoneSimulator.ActiveCfg = Release|Any CPU
		{E48ED974-7D6E-4D74-B46F-96C1A60354B7}.Release|iPhoneSimulator.Build.0 = Release|Any CPU
		{E48ED974-7D6E-4D74-B46F-96C1A60354B7}.Release|iPhoneSimulator.Deploy.0 = Release|Any CPU
		{E48ED974-7D6E-4D74-B46F-96C1A60354B7}.Release|x64.ActiveCfg = Release|Any CPU
		{E48ED974-7D6E-4D74-B46F-96C1A60354B7}.Release|x64.Build.0 = Release|Any CPU
		{E48ED974-7D6E-4D74-B46F-96C1A60354B7}.Release|x64.Deploy.0 = Release|Any CPU
		{E48ED974-7D6E-4D74-B46F-96C1A60354B7}.Release|x86.ActiveCfg = Release|Any CPU
		{E48ED974-7D6E-4D74-B46F-96C1A60354B7}.Release|x86.Build.0 = Release|Any CPU
		{E48ED974-7D6E-4D74-B46F-96C1A60354B7}.Release|x86.Deploy.0 = Release|Any CPU
	EndGlobalSection
	GlobalSection(SolutionProperties) = preSolution
		HideSolutionNode = FALSE
	EndGlobalSection
	GlobalSection(ExtensibilityGlobals) = postSolution
		SolutionGuid = {679A7218-1115-40E0-BA9D-762DDD3B5AB7}
	EndGlobalSection
EndGlobal
